
Microsoft Visual Studio Solution File, Format Version 12.00
# Visual Studio 15
Project("{FAE04EC0-301F-11D3-BF4B-00C04F79EFBC}") = "Assembly-CSharp", "Assembly-CSharp.csproj", "{C171CAC5-5FF8-FDEE-346A-BC9A64BF3B94}"
EndProject
Project("{FAE04EC0-301F-11D3-BF4B-00C04F79EFBC}") = "NativeGallery.Runtime", "NativeGallery.Runtime.csproj", "{4D433F0B-BDB3-7BCB-10D6-A57EDEAB54B9}"
EndProject
Project("{FAE04EC0-301F-11D3-BF4B-00C04F79EFBC}") = "NativeGallery.Editor", "NativeGallery.Editor.csproj", "{1C6829A2-DECC-A34F-1395-F14057193DFB}"
EndProject
Global
	GlobalSection(SolutionConfigurationPlatforms) = preSolution
		Debug|Any CPU = Debug|Any CPU
		Release|Any CPU = Release|Any CPU
	EndGlobalSection
	GlobalSection(ProjectConfigurationPlatforms) = postSolution
		{C171CAC5-5FF8-FDEE-346A-BC9A64BF3B94}.Debug|Any CPU.ActiveCfg = Debug|Any CPU
		{C171CAC5-5FF8-FDEE-346A-BC9A64BF3B94}.Debug|Any CPU.Build.0 = Debug|Any CPU
		{C171CAC5-5FF8-FDEE-346A-BC9A64BF3B94}.Release|Any CPU.ActiveCfg = Release|Any CPU
		{C171CAC5-5FF8-FDEE-346A-BC9A64BF3B94}.Release|Any CPU.Build.0 = Release|Any CPU
		{4D433F0B-BDB3-7BCB-10D6-A57EDEAB54B9}.Debug|Any CPU.ActiveCfg = Debug|Any CPU
		{4D433F0B-BDB3-7BCB-10D6-A57EDEAB54B9}.Debug|Any CPU.Build.0 = Debug|Any CPU
		{4D433F0B-BDB3-7BCB-10D6-A57EDEAB54B9}.Release|Any CPU.ActiveCfg = Release|Any CPU
		{4D433F0B-BDB3-7BCB-10D6-A57EDEAB54B9}.Release|Any CPU.Build.0 = Release|Any CPU
		{1C6829A2-DECC-A34F-1395-F14057193DFB}.Debug|Any CPU.ActiveCfg = Debug|Any CPU
		{1C6829A2-DECC-A34F-1395-F14057193DFB}.Debug|Any CPU.Build.0 = Debug|Any CPU
		{1C6829A2-DECC-A34F-1395-F14057193DFB}.Release|Any CPU.ActiveCfg = Release|Any CPU
		{1C6829A2-DECC-A34F-1395-F14057193DFB}.Release|Any CPU.Build.0 = Release|Any CPU
	EndGlobalSection
	GlobalSection(SolutionProperties) = preSolution
		HideSolutionNode = FALSE
	EndGlobalSection
EndGlobal
